// !$*UTF8*$!
{
	archiveVersion = 1;
	classes = {
	};
	objectVersion = 77;
	objects = {

/* Begin PBXContainerItemProxy section */
		59EC98B32DD6AD7C00BFDB95 /* PBXContainerItemProxy */ = {
			isa = PBXContainerItemProxy;
			containerPortal = 59EC989D2DD6AD7A00BFDB95 /* Project object */;
			proxyType = 1;
			remoteGlobalIDString = 59EC98A42DD6AD7A00BFDB95;
			remoteInfo = DumbLogger;
		};
		59EC98BD2DD6AD7C00BFDB95 /* PBXContainerItemProxy */ = {
			isa = PBXContainerItemProxy;
			containerPortal = 59EC989D2DD6AD7A00BFDB95 /* Project object */;
			proxyType = 1;
			remoteGlobalIDString = 59EC98A42DD6AD7A00BFDB95;
			remoteInfo = DumbLogger;
		};
/* End PBXContainerItemProxy section */

/* Begin PBXFileReference section */
		59EC98A52DD6AD7A00BFDB95 /* DumbLogger.app */ = {isa = PBXFileReference; explicitFileType = wrapper.application; includeInIndex = 0; path = DumbLogger.app; sourceTree = BUILT_PRODUCTS_DIR; };
		59EC98B22DD6AD7C00BFDB95 /* DumbLoggerTests.xctest */ = {isa = PBXFileReference; explicitFileType = wrapper.cfbundle; includeInIndex = 0; path = DumbLoggerTests.xctest; sourceTree = BUILT_PRODUCTS_DIR; };
		59EC98BC2DD6AD7C00BFDB95 /* DumbLoggerUITests.xctest */ = {isa = PBXFileReference; explicitFileType = wrapper.cfbundle; includeInIndex = 0; path = DumbLoggerUITests.xctest; sourceTree = BUILT_PRODUCTS_DIR; };
/* End PBXFileReference section */

/* Begin PBXFileSystemSynchronizedRootGroup section */
		59EC98A72DD6AD7A00BFDB95 /* DumbLogger */ = {
			isa = PBXFileSystemSynchronizedRootGroup;
			path = DumbLogger;
			sourceTree = "<group>";
		};
		59EC98B52DD6AD7C00BFDB95 /* DumbLoggerTests */ = {
			isa = PBXFileSystemSynchronizedRootGroup;
			path = DumbLoggerTests;
			sourceTree = "<group>";
		};
		59EC98BF2DD6AD7C00BFDB95 /* DumbLoggerUITests */ = {
			isa = PBXFileSystemSynchronizedRootGroup;
			path = DumbLoggerUITests;
			sourceTree = "<group>";
		};
/* End PBXFileSystemSynchronizedRootGroup section */

/* Begin PBXFrameworksBuildPhase section */
		59EC98A22DD6AD7A00BFDB95 /* Frameworks */ = {
			isa = PBXFrameworksBuildPhase;
			buildActionMask = 2147483647;
			files = (
			);
			runOnlyForDeploymentPostprocessing = 0;
		};
		59EC98AF2DD6AD7C00BFDB95 /* Frameworks */ = {
			isa = PBXFrameworksBuildPhase;
			buildActionMask = 2147483647;
			files = (
			);
			runOnlyForDeploymentPostprocessing = 0;
		};
		59EC98B92DD6AD7C00BFDB95 /* Frameworks */ = {
			isa = PBXFrameworksBuildPhase;
			buildActionMask = 2147483647;
			files = (
			);
			runOnlyForDeploymentPostprocessing = 0;
		};
/* End PBXFrameworksBuildPhase section */

/* Begin PBXGroup section */
		59EC989C2DD6AD7A00BFDB95 = {
			isa = PBXGroup;
			children = (
				59EC98A72DD6AD7A00BFDB95 /* DumbLogger */,
				59EC98B52DD6AD7C00BFDB95 /* DumbLoggerTests */,
				59EC98BF2DD6AD7C00BFDB95 /* DumbLoggerUITests */,
				59EC98A62DD6AD7A00BFDB95 /* Products */,
			);
			sourceTree = "<group>";
		};
		59EC98A62DD6AD7A00BFDB95 /* Products */ = {
			isa = PBXGroup;
			children = (
				59EC98A52DD6AD7A00BFDB95 /* DumbLogger.app */,
				59EC98B22DD6AD7C00BFDB95 /* DumbLoggerTests.xctest */,
				59EC98BC2DD6AD7C00BFDB95 /* DumbLoggerUITests.xctest */,
			);
			name = Products;
			sourceTree = "<group>";
		};
/* End PBXGroup section */

/* Begin PBXNativeTarget section */
		59EC98A42DD6AD7A00BFDB95 /* DumbLogger */ = {
			isa = PBXNativeTarget;
			buildConfigurationList = 59EC98C62DD6AD7C00BFDB95 /* Build configuration list for PBXNativeTarget "DumbLogger" */;
			buildPhases = (
				59EC98A12DD6AD7A00BFDB95 /* Sources */,
				59EC98A22DD6AD7A00BFDB95 /* Frameworks */,
				59EC98A32DD6AD7A00BFDB95 /* Resources */,
			);
			buildRules = (
			);
			dependencies = (
			);
			fileSystemSynchronizedGroups = (
				59EC98A72DD6AD7A00BFDB95 /* DumbLogger */,
			);
			name = DumbLogger;
			packageProductDependencies = (
			);
			productName = DumbLogger;
			productReference = 59EC98A52DD6AD7A00BFDB95 /* DumbLogger.app */;
			productType = "com.apple.product-type.application";
		};
		59EC98B12DD6AD7C00BFDB95 /* DumbLoggerTests */ = {
			isa = PBXNativeTarget;
			buildConfigurationList = 59EC98C92DD6AD7C00BFDB95 /* Build configuration list for PBXNativeTarget "DumbLoggerTests" */;
			buildPhases = (
				59EC98AE2DD6AD7C00BFDB95 /* Sources */,
				59EC98AF2DD6AD7C00BFDB95 /* Frameworks */,
				59EC98B02DD6AD7C00BFDB95 /* Resources */,
			);
			buildRules = (
			);
			dependencies = (
				59EC98B42DD6AD7C00BFDB95 /* PBXTargetDependency */,
			);
			fileSystemSynchronizedGroups = (
				59EC98B52DD6AD7C00BFDB95 /* DumbLoggerTests */,
			);
			name = DumbLoggerTests;
			packageProductDependencies = (
			);
			productName = DumbLoggerTests;
			productReference = 59EC98B22DD6AD7C00BFDB95 /* DumbLoggerTests.xctest */;
			productType = "com.apple.product-type.bundle.unit-test";
		};
		59EC98BB2DD6AD7C00BFDB95 /* DumbLoggerUITests */ = {
			isa = PBXNativeTarget;
			buildConfigurationList = 59EC98CC2DD6AD7C00BFDB95 /* Build configuration list for PBXNativeTarget "DumbLoggerUITests" */;
			buildPhases = (
				59EC98B82DD6AD7C00BFDB95 /* Sources */,
				59EC98B92DD6AD7C00BFDB95 /* Frameworks */,
				59EC98BA2DD6AD7C00BFDB95 /* Resources */,
			);
			buildRules = (
			);
			dependencies = (
				59EC98BE2DD6AD7C00BFDB95 /* PBXTargetDependency */,
			);
			fileSystemSynchronizedGroups = (
				59EC98BF2DD6AD7C00BFDB95 /* DumbLoggerUITests */,
			);
			name = DumbLoggerUITests;
			packageProductDependencies = (
			);
			productName = DumbLoggerUITests;
			productReference = 59EC98BC2DD6AD7C00BFDB95 /* DumbLoggerUITests.xctest */;
			productType = "com.apple.product-type.bundle.ui-testing";
		};
/* End PBXNativeTarget section */

/* Begin PBXProject section */
		59EC989D2DD6AD7A00BFDB95 /* Project object */ = {
			isa = PBXProject;
			attributes = {
				BuildIndependentTargetsInParallel = 1;
				LastSwiftUpdateCheck = 1630;
				LastUpgradeCheck = 1630;
				TargetAttributes = {
					59EC98A42DD6AD7A00BFDB95 = {
						CreatedOnToolsVersion = 16.3;
					};
					59EC98B12DD6AD7C00BFDB95 = {
						CreatedOnToolsVersion = 16.3;
						TestTargetID = 59EC98A42DD6AD7A00BFDB95;
					};
					59EC98BB2DD6AD7C00BFDB95 = {
						CreatedOnToolsVersion = 16.3;
						TestTargetID = 59EC98A42DD6AD7A00BFDB95;
					};
				};
			};
			buildConfigurationList = 59EC98A02DD6AD7A00BFDB95 /* Build configuration list for PBXProject "DumbLogger" */;
			developmentRegion = en;
			hasScannedForEncodings = 0;
			knownRegions = (
				en,
				Base,
			);
			mainGroup = 59EC989C2DD6AD7A00BFDB95;
			minimizedProjectReferenceProxies = 1;
			preferredProjectObjectVersion = 77;
			productRefGroup = 59EC98A62DD6AD7A00BFDB95 /* Products */;
			projectDirPath = "";
			projectRoot = "";
			targets = (
				59EC98A42DD6AD7A00BFDB95 /* DumbLogger */,
				59EC98B12DD6AD7C00BFDB95 /* DumbLoggerTests */,
				59EC98BB2DD6AD7C00BFDB95 /* DumbLoggerUITests */,
			);
		};
/* End PBXProject section */

/* Begin PBXResourcesBuildPhase section */
		59EC98A32DD6AD7A00BFDB95 /* Resources */ = {
			isa = PBXResourcesBuildPhase;
			buildActionMask = 2147483647;
			files = (
			);
			runOnlyForDeploymentPostprocessing = 0;
		};
		59EC98B02DD6AD7C00BFDB95 /* Resources */ = {
			isa = PBXResourcesBuildPhase;
			buildActionMask = 2147483647;
			files = (
			);
			runOnlyForDeploymentPostprocessing = 0;
		};
		59EC98BA2DD6AD7C00BFDB95 /* Resources */ = {
			isa = PBXResourcesBuildPhase;
			buildActionMask = 2147483647;
			files = (
			);
			runOnlyForDeploymentPostprocessing = 0;
		};
/* End PBXResourcesBuildPhase section */

/* Begin PBXSourcesBuildPhase section */
		59EC98A12DD6AD7A00BFDB95 /* Sources */ = {
			isa = PBXSourcesBuildPhase;
			buildActionMask = 2147483647;
			files = (
			);
			runOnlyForDeploymentPostprocessing = 0;
		};
		59EC98AE2DD6AD7C00BFDB95 /* Sources */ = {
			isa = PBXSourcesBuildPhase;
			buildActionMask = 2147483647;
			files = (
			);
			runOnlyForDeploymentPostprocessing = 0;
		};
		59EC98B82DD6AD7C00BFDB95 /* Sources */ = {
			isa = PBXSourcesBuildPhase;
			buildActionMask = 2147483647;
			files = (
			);
			runOnlyForDeploymentPostprocessing = 0;
		};
/* End PBXSourcesBuildPhase section */

/* Begin PBXTargetDependency section */
		59EC98B42DD6AD7C00BFDB95 /* PBXTargetDependency */ = {
			isa = PBXTargetDependency;
			target = 59EC98A42DD6AD7A00BFDB95 /* DumbLogger */;
			targetProxy = 59EC98B32DD6AD7C00BFDB95 /* PBXContainerItemProxy */;
		};
		59EC98BE2DD6AD7C00BFDB95 /* PBXTargetDependency */ = {
			isa = PBXTargetDependency;
			target = 59EC98A42DD6AD7A00BFDB95 /* DumbLogger */;
			targetProxy = 59EC98BD2DD6AD7C00BFDB95 /* PBXContainerItemProxy */;
		};
/* End PBXTargetDependency section */

/* Begin XCBuildConfiguration section */
		59EC98C42DD6AD7C00BFDB95 /* Debug */ = {
			isa = XCBuildConfiguration;
			buildSettings = {
				ALWAYS_SEARCH_USER_PATHS = NO;
				ASSETCATALOG_COMPILER_GENERATE_SWIFT_ASSET_SYMBOL_EXTENSIONS = YES;
				CLANG_ANALYZER_NONNULL = YES;
				CLANG_ANALYZER_NUMBER_OBJECT_CONVERSION = YES_AGGRESSIVE;
				CLANG_CXX_LANGUAGE_STANDARD = "gnu++20";
				CLANG_ENABLE_MODULES = YES;
				CLANG_ENABLE_OBJC_ARC = YES;
				CLANG_ENABLE_OBJC_WEAK = YES;
				CLANG_WARN_BLOCK_CAPTURE_AUTORELEASING = YES;
				CLANG_WARN_BOOL_CONVERSION = YES;
				CLANG_WARN_COMMA = YES;
				CLANG_WARN_CONSTANT_CONVERSION = YES;
				CLANG_WARN_DEPRECATED_OBJC_IMPLEMENTATIONS = YES;
				CLANG_WARN_DIRECT_OBJC_ISA_USAGE = YES_ERROR;
				CLANG_WARN_DOCUMENTATION_COMMENTS = YES;
				CLANG_WARN_EMPTY_BODY = YES;
				CLANG_WARN_ENUM_CONVERSION = YES;
				CLANG_WARN_INFINITE_RECURSION = YES;
				CLANG_WARN_INT_CONVERSION = YES;
				CLANG_WARN_NON_LITERAL_NULL_CONVERSION = YES;
				CLANG_WARN_OBJC_IMPLICIT_RETAIN_SELF = YES;
				CLANG_WARN_OBJC_LITERAL_CONVERSION = YES;
				CLANG_WARN_OBJC_ROOT_CLASS = YES_ERROR;
				CLANG_WARN_QUOTED_INCLUDE_IN_FRAMEWORK_HEADER = YES;
				CLANG_WARN_RANGE_LOOP_ANALYSIS = YES;
				CLANG_WARN_STRICT_PROTOTYPES = YES;
				CLANG_WARN_SUSPICIOUS_MOVE = YES;
				CLANG_WARN_UNGUARDED_AVAILABILITY = YES_AGGRESSIVE;
				CLANG_WARN_UNREACHABLE_CODE = YES;
				CLANG_WARN__DUPLICATE_METHOD_MATCH = YES;
				COPY_PHASE_STRIP = NO;
				DEBUG_INFORMATION_FORMAT = dwarf;
				DEVELOPMENT_TEAM = HCF7PVW9FS;
				ENABLE_STRICT_OBJC_MSGSEND = YES;
				ENABLE_TESTABILITY = YES;
				ENABLE_USER_SCRIPT_SANDBOXING = YES;
				GCC_C_LANGUAGE_STANDARD = gnu17;
				GCC_DYNAMIC_NO_PIC = NO;
				GCC_NO_COMMON_BLOCKS = YES;
				GCC_OPTIMIZATION_LEVEL = 0;
				GCC_PREPROCESSOR_DEFINITIONS = (
					"DEBUG=1",
					"$(inherited)",
				);
				GCC_WARN_64_TO_32_BIT_CONVERSION = YES;
				GCC_WARN_ABOUT_RETURN_TYPE = YES_ERROR;
				GCC_WARN_UNDECLARED_SELECTOR = YES;
				GCC_WARN_UNINITIALIZED_AUTOS = YES_AGGRESSIVE;
				GCC_WARN_UNUSED_FUNCTION = YES;
				GCC_WARN_UNUSED_VARIABLE = YES;
				IPHONEOS_DEPLOYMENT_TARGET = 18.4;
				LOCALIZATION_PREFERS_STRING_CATALOGS = YES;
				MTL_ENABLE_DEBUG_INFO = INCLUDE_SOURCE;
				MTL_FAST_MATH = YES;
				ONLY_ACTIVE_ARCH = YES;
				SDKROOT = iphoneos;
				SWIFT_ACTIVE_COMPILATION_CONDITIONS = "DEBUG $(inherited)";
				SWIFT_OPTIMIZATION_LEVEL = "-Onone";
			};
			name = Debug;
		};
		59EC98C52DD6AD7C00BFDB95 /* Release */ = {
			isa = XCBuildConfiguration;
			buildSettings = {
				ALWAYS_SEARCH_USER_PATHS = NO;
				ASSETCATALOG_COMPILER_GENERATE_SWIFT_ASSET_SYMBOL_EXTENSIONS = YES;
				CLANG_ANALYZER_NONNULL = YES;
				CLANG_ANALYZER_NUMBER_OBJECT_CONVERSION = YES_AGGRESSIVE;
				CLANG_CXX_LANGUAGE_STANDARD = "gnu++20";
				CLANG_ENABLE_MODULES = YES;
				CLANG_ENABLE_OBJC_ARC = YES;
				CLANG_ENABLE_OBJC_WEAK = YES;
				CLANG_WARN_BLOCK_CAPTURE_AUTORELEASING = YES;
				CLANG_WARN_BOOL_CONVERSION = YES;
				CLANG_WARN_COMMA = YES;
				CLANG_WARN_CONSTANT_CONVERSION = YES;
				CLANG_WARN_DEPRECATED_OBJC_IMPLEMENTATIONS = YES;
				CLANG_WARN_DIRECT_OBJC_ISA_USAGE = YES_ERROR;
				CLANG_WARN_DOCUMENTATION_COMMENTS = YES;
				CLANG_WARN_EMPTY_BODY = YES;
				CLANG_WARN_ENUM_CONVERSION = YES;
				CLANG_WARN_INFINITE_RECURSION = YES;
				CLANG_WARN_INT_CONVERSION = YES;
				CLANG_WARN_NON_LITERAL_NULL_CONVERSION = YES;
				CLANG_WARN_OBJC_IMPLICIT_RETAIN_SELF = YES;
				CLANG_WARN_OBJC_LITERAL_CONVERSION = YES;
				CLANG_WARN_OBJC_ROOT_CLASS = YES_ERROR;
				CLANG_WARN_QUOTED_INCLUDE_IN_FRAMEWORK_HEADER = YES;
				CLANG_WARN_RANGE_LOOP_ANALYSIS = YES;
				CLANG_WARN_STRICT_PROTOTYPES = YES;
				CLANG_WARN_SUSPICIOUS_MOVE = YES;
				CLANG_WARN_UNGUARDED_AVAILABILITY = YES_AGGRESSIVE;
				CLANG_WARN_UNREACHABLE_CODE = YES;
				CLANG_WARN__DUPLICATE_METHOD_MATCH = YES;
				COPY_PHASE_STRIP = NO;
				DEBUG_INFORMATION_FORMAT = "dwarf-with-dsym";
				DEVELOPMENT_TEAM = HCF7PVW9FS;
				ENABLE_NS_ASSERTIONS = NO;
				ENABLE_STRICT_OBJC_MSGSEND = YES;
				ENABLE_USER_SCRIPT_SANDBOXING = YES;
				GCC_C_LANGUAGE_STANDARD = gnu17;
				GCC_NO_COMMON_BLOCKS = YES;
				GCC_WARN_64_TO_32_BIT_CONVERSION = YES;
				GCC_WARN_ABOUT_RETURN_TYPE = YES_ERROR;
				GCC_WARN_UNDECLARED_SELECTOR = YES;
				GCC_WARN_UNINITIALIZED_AUTOS = YES_AGGRESSIVE;
				GCC_WARN_UNUSED_FUNCTION = YES;
				GCC_WARN_UNUSED_VARIABLE = YES;
				IPHONEOS_DEPLOYMENT_TARGET = 18.4;
				LOCALIZATION_PREFERS_STRING_CATALOGS = YES;
				MTL_ENABLE_DEBUG_INFO = NO;
				MTL_FAST_MATH = YES;
				SDKROOT = iphoneos;
				SWIFT_COMPILATION_MODE = wholemodule;
				VALIDATE_PRODUCT = YES;
			};
			name = Release;
		};
		59EC98C72DD6AD7C00BFDB95 /* Debug */ = {
			isa = XCBuildConfiguration;
			buildSettings = {
				ASSETCATALOG_COMPILER_APPICON_NAME = AppIcon;
				ASSETCATALOG_COMPILER_GLOBAL_ACCENT_COLOR_NAME = AccentColor;
				CODE_SIGN_STYLE = Automatic;
				CURRENT_PROJECT_VERSION = 1;
				DEVELOPMENT_TEAM = HCF7PVW9FS;
				ENABLE_PREVIEWS = YES;
				GENERATE_INFOPLIST_FILE = YES;
				INFOPLIST_KEY_UIApplicationSceneManifest_Generation = YES;
				INFOPLIST_KEY_UIApplicationSupportsIndirectInputEvents = YES;
				INFOPLIST_KEY_UILaunchScreen_Generation = YES;
				INFOPLIST_KEY_UISupportedInterfaceOrientations_iPad = "UIInterfaceOrientationPortrait UIInterfaceOrientationPortraitUpsideDown UIInterfaceOrientationLandscapeLeft UIInterfaceOrientationLandscapeRight";
				INFOPLIST_KEY_UISupportedInterfaceOrientations_iPhone = "UIInterfaceOrientationPortrait UIInterfaceOrientationLandscapeLeft UIInterfaceOrientationLandscapeRight";
				LD_RUNPATH_SEARCH_PATHS = (
					"$(inherited)",
					"@executable_path/Frameworks",
				);
				MARKETING_VERSION = 1.0;
				PRODUCT_BUNDLE_IDENTIFIER = Version1.DumbLogger;
				PRODUCT_NAME = "$(TARGET_NAME)";
				SWIFT_EMIT_LOC_STRINGS = YES;
				SWIFT_VERSION = 5.0;
				TARGETED_DEVICE_FAMILY = "1,2";
			};
			name = Debug;
		};
		59EC98C82DD6AD7C00BFDB95 /* Release */ = {
			isa = XCBuildConfiguration;
			buildSettings = {
				ASSETCATALOG_COMPILER_APPICON_NAME = AppIcon;
				ASSETCATALOG_COMPILER_GLOBAL_ACCENT_COLOR_NAME = AccentColor;
				CODE_SIGN_STYLE = Automatic;
				CURRENT_PROJECT_VERSION = 1;
				DEVELOPMENT_TEAM = HCF7PVW9FS;
				ENABLE_PREVIEWS = YES;
				GENERATE_INFOPLIST_FILE = YES;
				INFOPLIST_KEY_UIApplicationSceneManifest_Generation = YES;
				INFOPLIST_KEY_UIApplicationSupportsIndirectInputEvents = YES;
				INFOPLIST_KEY_UILaunchScreen_Generation = YES;
				INFOPLIST_KEY_UISupportedInterfaceOrientations_iPad = "UIInterfaceOrientationPortrait UIInterfaceOrientationPortraitUpsideDown UIInterfaceOrientationLandscapeLeft UIInterfaceOrientationLandscapeRight";
				INFOPLIST_KEY_UISupportedInterfaceOrientations_iPhone = "UIInterfaceOrientationPortrait UIInterfaceOrientationLandscapeLeft UIInterfaceOrientationLandscapeRight";
				LD_RUNPATH_SEARCH_PATHS = (
					"$(inherited)",
					"@executable_path/Frameworks",
				);
				MARKETING_VERSION = 1.0;
				PRODUCT_BUNDLE_IDENTIFIER = Version1.DumbLogger;
				PRODUCT_NAME = "$(TARGET_NAME)";
				SWIFT_EMIT_LOC_STRINGS = YES;
				SWIFT_VERSION = 5.0;
				TARGETED_DEVICE_FAMILY = "1,2";
			};
			name = Release;
		};
		59EC98CA2DD6AD7C00BFDB95 /* Debug */ = {
			isa = XCBuildConfiguration;
			buildSettings = {
				BUNDLE_LOADER = "$(TEST_HOST)";
				CODE_SIGN_STYLE = Automatic;
				CURRENT_PROJECT_VERSION = 1;
				DEVELOPMENT_TEAM = HCF7PVW9FS;
				GENERATE_INFOPLIST_FILE = YES;
				IPHONEOS_DEPLOYMENT_TARGET = 18.4;
				MARKETING_VERSION = 1.0;
				PRODUCT_BUNDLE_IDENTIFIER = Version1.DumbLoggerTests;
				PRODUCT_NAME = "$(TARGET_NAME)";
				SWIFT_EMIT_LOC_STRINGS = NO;
				SWIFT_VERSION = 5.0;
				TARGETED_DEVICE_FAMILY = "1,2";
				TEST_HOST = "$(BUILT_PRODUCTS_DIR)/DumbLogger.app/$(BUNDLE_EXECUTABLE_FOLDER_PATH)/DumbLogger";
			};
			name = Debug;
		};
		59EC98CB2DD6AD7C00BFDB95 /* Release */ = {
			isa = XCBuildConfiguration;
			buildSettings = {
				BUNDLE_LOADER = "$(TEST_HOST)";
				CODE_SIGN_STYLE = Automatic;
				CURRENT_PROJECT_VERSION = 1;
				DEVELOPMENT_TEAM = HCF7PVW9FS;
				GENERATE_INFOPLIST_FILE = YES;
				IPHONEOS_DEPLOYMENT_TARGET = 18.4;
				MARKETING_VERSION = 1.0;
				PRODUCT_BUNDLE_IDENTIFIER = Version1.DumbLoggerTests;
				PRODUCT_NAME = "$(TARGET_NAME)";
				SWIFT_EMIT_LOC_STRINGS = NO;
				SWIFT_VERSION = 5.0;
				TARGETED_DEVICE_FAMILY = "1,2";
				TEST_HOST = "$(BUILT_PRODUCTS_DIR)/DumbLogger.app/$(BUNDLE_EXECUTABLE_FOLDER_PATH)/DumbLogger";
			};
			name = Release;
		};
		59EC98CD2DD6AD7C00BFDB95 /* Debug */ = {
			isa = XCBuildConfiguration;
			buildSettings = {
				CODE_SIGN_STYLE = Automatic;
				CURRENT_PROJECT_VERSION = 1;
				DEVELOPMENT_TEAM = HCF7PVW9FS;
				GENERATE_INFOPLIST_FILE = YES;
				MARKETING_VERSION = 1.0;
				PRODUCT_BUNDLE_IDENTIFIER = Version1.DumbLoggerUITests;
				PRODUCT_NAME = "$(TARGET_NAME)";
				SWIFT_EMIT_LOC_STRINGS = NO;
				SWIFT_VERSION = 5.0;
				TARGETED_DEVICE_FAMILY = "1,2";
				TEST_TARGET_NAME = DumbLogger;
			};
			name = Debug;
		};
		59EC98CE2DD6AD7C00BFDB95 /* Release */ = {
			isa = XCBuildConfiguration;
			buildSettings = {
				CODE_SIGN_STYLE = Automatic;
				CURRENT_PROJECT_VERSION = 1;
				DEVELOPMENT_TEAM = HCF7PVW9FS;
				GENERATE_INFOPLIST_FILE = YES;
				MARKETING_VERSION = 1.0;
				PRODUCT_BUNDLE_IDENTIFIER = Version1.DumbLoggerUITests;
				PRODUCT_NAME = "$(TARGET_NAME)";
				SWIFT_EMIT_LOC_STRINGS = NO;
				SWIFT_VERSION = 5.0;
				TARGETED_DEVICE_FAMILY = "1,2";
				TEST_TARGET_NAME = DumbLogger;
			};
			name = Release;
		};
/* End XCBuildConfiguration section */

/* Begin XCConfigurationList section */
		59EC98A02DD6AD7A00BFDB95 /* Build configuration list for PBXProject "DumbLogger" */ = {
			isa = XCConfigurationList;
			buildConfigurations = (
				59EC98C42DD6AD7C00BFDB95 /* Debug */,
				59EC98C52DD6AD7C00BFDB95 /* Release */,
			);
			defaultConfigurationIsVisible = 0;
			defaultConfigurationName = Release;
		};
		59EC98C62DD6AD7C00BFDB95 /* Build configuration list for PBXNativeTarget "DumbLogger" */ = {
			isa = XCConfigurationList;
			buildConfigurations = (
				59EC98C72DD6AD7C00BFDB95 /* Debug */,
				59EC98C82DD6AD7C00BFDB95 /* Release */,
			);
			defaultConfigurationIsVisible = 0;
			defaultConfigurationName = Release;
		};
		59EC98C92DD6AD7C00BFDB95 /* Build configuration list for PBXNativeTarget "DumbLoggerTests" */ = {
			isa = XCConfigurationList;
			buildConfigurations = (
				59EC98CA2DD6AD7C00BFDB95 /* Debug */,
				59EC98CB2DD6AD7C00BFDB95 /* Release */,
			);
			defaultConfigurationIsVisible = 0;
			defaultConfigurationName = Release;
		};
		59EC98CC2DD6AD7C00BFDB95 /* Build configuration list for PBXNativeTarget "DumbLoggerUITests" */ = {
			isa = XCConfigurationList;
			buildConfigurations = (
				59EC98CD2DD6AD7C00BFDB95 /* Debug */,
				59EC98CE2DD6AD7C00BFDB95 /* Release */,
			);
			defaultConfigurationIsVisible = 0;
			defaultConfigurationName = Release;
		};
/* End XCConfigurationList section */
	};
	rootObject = 59EC989D2DD6AD7A00BFDB95 /* Project object */;
}
